
Microsoft Visual Studio Solution File, Format Version 12.00
# Visual Studio Version 17
VisualStudioVersion = 17.5.002.0
MinimumVisualStudioVersion = 10.0.40219.1
Project("{9A19103F-16F7-4668-BE54-9A1E7A4F7556}") = "Task2", "Task2.csproj", "{97D7430C-5D2A-41BB-96CC-BBEC09AFFE51}"
EndProject
Global
	GlobalSection(SolutionConfigurationPlatforms) = preSolution
		Debug|Any CPU = Debug|Any CPU
		Release|Any CPU = Release|Any CPU
	EndGlobalSection
	GlobalSection(ProjectConfigurationPlatforms) = postSolution
		{97D7430C-5D2A-41BB-96CC-BBEC09AFFE51}.Debug|Any CPU.ActiveCfg = Debug|Any CPU
		{97D7430C-5D2A-41BB-96CC-BBEC09AFFE51}.Debug|Any CPU.Build.0 = Debug|Any CPU
		{97D7430C-5D2A-41BB-96CC-BBEC09AFFE51}.Release|Any CPU.ActiveCfg = Release|Any CPU
		{97D7430C-5D2A-41BB-96CC-BBEC09AFFE51}.Release|Any CPU.Build.0 = Release|Any CPU
	EndGlobalSection
	GlobalSection(SolutionProperties) = preSolution
		HideSolutionNode = FALSE
	EndGlobalSection
	GlobalSection(ExtensibilityGlobals) = postSolution
		SolutionGuid = {EF3D0E2C-4F15-4235-B100-BBBFCA7F2866}
	EndGlobalSection
EndGlobal
